{
  "name": "js",
  "version": "1.0.0",
  "lockfileVersion": 3,
  "requires": true,
  "packages": {
    "": {
      "name": "js",
      "version": "1.0.0",
      "license": "ISC",
      "dependencies": {
        "chartjs-chart-error-bars": "^4.3.0"
      }
    },
    "node_modules/@kurkle/color": {
      "version": "0.3.2",
      "resolved": "https://registry.npmjs.org/@kurkle/color/-/color-0.3.2.tgz",
      "integrity": "sha512-fuscdXJ9G1qb7W8VdHi+IwRqij3lBkosAm4ydQtEmbY58OzHXqQhvlxqEkoz0yssNVn38bcpRWgA9PP+OGoisw==",
      "peer": true
    },
    "node_modules/chart.js": {
      "version": "4.3.0",
      "resolved": "https://registry.npmjs.org/chart.js/-/chart.js-4.3.0.tgz",
      "integrity": "sha512-ynG0E79xGfMaV2xAHdbhwiPLczxnNNnasrmPEXriXsPJGjmhOBYzFVEsB65w2qMDz+CaBJJuJD0inE/ab/h36g==",
      "peer": true,
      "dependencies": {
        "@kurkle/color": "^0.3.0"
      },
      "engines": {
        "pnpm": ">=7"
      }
    },
    "node_modules/chartjs-chart-error-bars": {
      "version": "4.3.0",
      "resolved": "https://registry.npmjs.org/chartjs-chart-error-bars/-/chartjs-chart-error-bars-4.3.0.tgz",
      "integrity": "sha512-oCBISoGQhb12CnXuXFFLTNUq+sQTrQAdMcmaLw7d4JL+tLsWsa4UK5MmxljOl8cWZcKvv7C0hzivCZx2xKlX8A==",
      "peerDependencies": {
        "chart.js": "^4.1.0"
      }
    }
  }
}
